// !$*UTF8*$!
{
	archiveVersion = 1;
	classes = {
	};
	objectVersion = 46;
	objects = {

/* Begin PBXBuildFile section */
		8B16ED111606A2530009E513 /* UIKit.framework in Frameworks */ = {isa = PBXBuildFile; fileRef = 8B16ED101606A2530009E513 /* UIKit.framework */; };
		8B16ED131606A2530009E513 /* Foundation.framework in Frameworks */ = {isa = PBXBuildFile; fileRef = 8B16ED121606A2530009E513 /* Foundation.framework */; };
		8B16ED151606A2530009E513 /* CoreGraphics.framework in Frameworks */ = {isa = PBXBuildFile; fileRef = 8B16ED141606A2530009E513 /* CoreGraphics.framework */; };
		8B16ED1B1606A2530009E513 /* InfoPlist.strings in Resources */ = {isa = PBXBuildFile; fileRef = 8B16ED191606A2530009E513 /* InfoPlist.strings */; };
		8B16ED1D1606A2530009E513 /* main.m in Sources */ = {isa = PBXBuildFile; fileRef = 8B16ED1C1606A2530009E513 /* main.m */; };
		8B16ED211606A2530009E513 /* AppDelegate.m in Sources */ = {isa = PBXBuildFile; fileRef = 8B16ED201606A2530009E513 /* AppDelegate.m */; };
		8B16ED241606A2530009E513 /* MainStoryboard_iPhone.storyboard in Resources */ = {isa = PBXBuildFile; fileRef = 8B16ED221606A2530009E513 /* MainStoryboard_iPhone.storyboard */; };
		8B16ED271606A2530009E513 /* MainStoryboard_iPad.storyboard in Resources */ = {isa = PBXBuildFile; fileRef = 8B16ED251606A2530009E513 /* MainStoryboard_iPad.storyboard */; };
		8B16ED2A1606A2530009E513 /* ViewController.m in Sources */ = {isa = PBXBuildFile; fileRef = 8B16ED291606A2530009E513 /* ViewController.m */; };
		8B16ED321606A2530009E513 /* SenTestingKit.framework in Frameworks */ = {isa = PBXBuildFile; fileRef = 8B16ED311606A2530009E513 /* SenTestingKit.framework */; };
		8B16ED331606A2530009E513 /* UIKit.framework in Frameworks */ = {isa = PBXBuildFile; fileRef = 8B16ED101606A2530009E513 /* UIKit.framework */; };
		8B16ED341606A2530009E513 /* Foundation.framework in Frameworks */ = {isa = PBXBuildFile; fileRef = 8B16ED121606A2530009E513 /* Foundation.framework */; };
		8B16ED3C1606A2530009E513 /* InfoPlist.strings in Resources */ = {isa = PBXBuildFile; fileRef = 8B16ED3A1606A2530009E513 /* InfoPlist.strings */; };
		8B16ED3F1606A2530009E513 /* SoundRecTests.m in Sources */ = {isa = PBXBuildFile; fileRef = 8B16ED3E1606A2530009E513 /* SoundRecTests.m */; };
		8B16ED491606A83F0009E513 /* AVFoundation.framework in Frameworks */ = {isa = PBXBuildFile; fileRef = 8B16ED481606A83F0009E513 /* AVFoundation.framework */; };
/* End PBXBuildFile section */

/* Begin PBXContainerItemProxy section */
		8B16ED351606A2530009E513 /* PBXContainerItemProxy */ = {
			isa = PBXContainerItemProxy;
			containerPortal = 8B16ED031606A2530009E513 /* Project object */;
			proxyType = 1;
			remoteGlobalIDString = 8B16ED0B1606A2530009E513;
			remoteInfo = SoundRec;
		};
/* End PBXContainerItemProxy section */

/* Begin PBXFileReference section */
		8B16ED0C1606A2530009E513 /* SoundRec.app */ = {isa = PBXFileReference; explicitFileType = wrapper.application; includeInIndex = 0; path = SoundRec.app; sourceTree = BUILT_PRODUCTS_DIR; };
		8B16ED101606A2530009E513 /* UIKit.framework */ = {isa = PBXFileReference; lastKnownFileType = wrapper.framework; name = UIKit.framework; path = System/Library/Frameworks/UIKit.framework; sourceTree = SDKROOT; };
		8B16ED121606A2530009E513 /* Foundation.framework */ = {isa = PBXFileReference; lastKnownFileType = wrapper.framework; name = Foundation.framework; path = System/Library/Frameworks/Foundation.framework; sourceTree = SDKROOT; };
		8B16ED141606A2530009E513 /* CoreGraphics.framework */ = {isa = PBXFileReference; lastKnownFileType = wrapper.framework; name = CoreGraphics.framework; path = System/Library/Frameworks/CoreGraphics.framework; sourceTree = SDKROOT; };
		8B16ED181606A2530009E513 /* SoundRec-Info.plist */ = {isa = PBXFileReference; lastKnownFileType = text.plist.xml; path = "SoundRec-Info.plist"; sourceTree = "<group>"; };
		8B16ED1A1606A2530009E513 /* en */ = {isa = PBXFileReference; lastKnownFileType = text.plist.strings; name = en; path = en.lproj/InfoPlist.strings; sourceTree = "<group>"; };
		8B16ED1C1606A2530009E513 /* main.m */ = {isa = PBXFileReference; lastKnownFileType = sourcecode.c.objc; path = main.m; sourceTree = "<group>"; };
		8B16ED1E1606A2530009E513 /* SoundRec-Prefix.pch */ = {isa = PBXFileReference; lastKnownFileType = sourcecode.c.h; path = "SoundRec-Prefix.pch"; sourceTree = "<group>"; };
		8B16ED1F1606A2530009E513 /* AppDelegate.h */ = {isa = PBXFileReference; lastKnownFileType = sourcecode.c.h; path = AppDelegate.h; sourceTree = "<group>"; };
		8B16ED201606A2530009E513 /* AppDelegate.m */ = {isa = PBXFileReference; lastKnownFileType = sourcecode.c.objc; path = AppDelegate.m; sourceTree = "<group>"; };
		8B16ED231606A2530009E513 /* en */ = {isa = PBXFileReference; lastKnownFileType = file.storyboard; name = en; path = en.lproj/MainStoryboard_iPhone.storyboard; sourceTree = "<group>"; };
		8B16ED261606A2530009E513 /* en */ = {isa = PBXFileReference; lastKnownFileType = file.storyboard; name = en; path = en.lproj/MainStoryboard_iPad.storyboard; sourceTree = "<group>"; };
		8B16ED281606A2530009E513 /* ViewController.h */ = {isa = PBXFileReference; lastKnownFileType = sourcecode.c.h; path = ViewController.h; sourceTree = "<group>"; };
		8B16ED291606A2530009E513 /* ViewController.m */ = {isa = PBXFileReference; lastKnownFileType = sourcecode.c.objc; path = ViewController.m; sourceTree = "<group>"; };
		8B16ED301606A2530009E513 /* SoundRecTests.octest */ = {isa = PBXFileReference; explicitFileType = wrapper.cfbundle; includeInIndex = 0; path = SoundRecTests.octest; sourceTree = BUILT_PRODUCTS_DIR; };
		8B16ED311606A2530009E513 /* SenTestingKit.framework */ = {isa = PBXFileReference; lastKnownFileType = wrapper.framework; name = SenTestingKit.framework; path = Library/Frameworks/SenTestingKit.framework; sourceTree = DEVELOPER_DIR; };
		8B16ED391606A2530009E513 /* SoundRecTests-Info.plist */ = {isa = PBXFileReference; lastKnownFileType = text.plist.xml; path = "SoundRecTests-Info.plist"; sourceTree = "<group>"; };
		8B16ED3B1606A2530009E513 /* en */ = {isa = PBXFileReference; lastKnownFileType = text.plist.strings; name = en; path = en.lproj/InfoPlist.strings; sourceTree = "<group>"; };
		8B16ED3D1606A2530009E513 /* SoundRecTests.h */ = {isa = PBXFileReference; lastKnownFileType = sourcecode.c.h; path = SoundRecTests.h; sourceTree = "<group>"; };
		8B16ED3E1606A2530009E513 /* SoundRecTests.m */ = {isa = PBXFileReference; lastKnownFileType = sourcecode.c.objc; path = SoundRecTests.m; sourceTree = "<group>"; };
		8B16ED481606A83F0009E513 /* AVFoundation.framework */ = {isa = PBXFileReference; lastKnownFileType = wrapper.framework; name = AVFoundation.framework; path = System/Library/Frameworks/AVFoundation.framework; sourceTree = SDKROOT; };
/* End PBXFileReference section */

/* Begin PBXFrameworksBuildPhase section */
		8B16ED091606A2530009E513 /* Frameworks */ = {
			isa = PBXFrameworksBuildPhase;
			buildActionMask = 2147483647;
			files = (
				8B16ED491606A83F0009E513 /* AVFoundation.framework in Frameworks */,
				8B16ED111606A2530009E513 /* UIKit.framework in Frameworks */,
				8B16ED131606A2530009E513 /* Foundation.framework in Frameworks */,
				8B16ED151606A2530009E513 /* CoreGraphics.framework in Frameworks */,
			);
			runOnlyForDeploymentPostprocessing = 0;
		};
		8B16ED2C1606A2530009E513 /* Frameworks */ = {
			isa = PBXFrameworksBuildPhase;
			buildActionMask = 2147483647;
			files = (
				8B16ED321606A2530009E513 /* SenTestingKit.framework in Frameworks */,
				8B16ED331606A2530009E513 /* UIKit.framework in Frameworks */,
				8B16ED341606A2530009E513 /* Foundation.framework in Frameworks */,
			);
			runOnlyForDeploymentPostprocessing = 0;
		};
/* End PBXFrameworksBuildPhase section */

/* Begin PBXGroup section */
		8B16ED011606A2530009E513 = {
			isa = PBXGroup;
			children = (
				8B16ED161606A2530009E513 /* SoundRec */,
				8B16ED371606A2530009E513 /* SoundRecTests */,
				8B16ED0F1606A2530009E513 /* Frameworks */,
				8B16ED0D1606A2530009E513 /* Products */,
			);
			sourceTree = "<group>";
		};
		8B16ED0D1606A2530009E513 /* Products */ = {
			isa = PBXGroup;
			children = (
				8B16ED0C1606A2530009E513 /* SoundRec.app */,
				8B16ED301606A2530009E513 /* SoundRecTests.octest */,
			);
			name = Products;
			sourceTree = "<group>";
		};
		8B16ED0F1606A2530009E513 /* Frameworks */ = {
			isa = PBXGroup;
			children = (
				8B16ED481606A83F0009E513 /* AVFoundation.framework */,
				8B16ED101606A2530009E513 /* UIKit.framework */,
				8B16ED121606A2530009E513 /* Foundation.framework */,
				8B16ED141606A2530009E513 /* CoreGraphics.framework */,
				8B16ED311606A2530009E513 /* SenTestingKit.framework */,
			);
			name = Frameworks;
			sourceTree = "<group>";
		};
		8B16ED161606A2530009E513 /* SoundRec */ = {
			isa = PBXGroup;
			children = (
				8B16ED1F1606A2530009E513 /* AppDelegate.h */,
				8B16ED201606A2530009E513 /* AppDelegate.m */,
				8B16ED221606A2530009E513 /* MainStoryboard_iPhone.storyboard */,
				8B16ED251606A2530009E513 /* MainStoryboard_iPad.storyboard */,
				8B16ED281606A2530009E513 /* ViewController.h */,
				8B16ED291606A2530009E513 /* ViewController.m */,
				8B16ED171606A2530009E513 /* Supporting Files */,
			);
			path = SoundRec;
			sourceTree = "<group>";
		};
		8B16ED171606A2530009E513 /* Supporting Files */ = {
			isa = PBXGroup;
			children = (
				8B16ED181606A2530009E513 /* SoundRec-Info.plist */,
				8B16ED191606A2530009E513 /* InfoPlist.strings */,
				8B16ED1C1606A2530009E513 /* main.m */,
				8B16ED1E1606A2530009E513 /* SoundRec-Prefix.pch */,
			);
			name = "Supporting Files";
			sourceTree = "<group>";
		};
		8B16ED371606A2530009E513 /* SoundRecTests */ = {
			isa = PBXGroup;
			children = (
				8B16ED3D1606A2530009E513 /* SoundRecTests.h */,
				8B16ED3E1606A2530009E513 /* SoundRecTests.m */,
				8B16ED381606A2530009E513 /* Supporting Files */,
			);
			path = SoundRecTests;
			sourceTree = "<group>";
		};
		8B16ED381606A2530009E513 /* Supporting Files */ = {
			isa = PBXGroup;
			children = (
				8B16ED391606A2530009E513 /* SoundRecTests-Info.plist */,
				8B16ED3A1606A2530009E513 /* InfoPlist.strings */,
			);
			name = "Supporting Files";
			sourceTree = "<group>";
		};
/* End PBXGroup section */

/* Begin PBXNativeTarget section */
		8B16ED0B1606A2530009E513 /* SoundRec */ = {
			isa = PBXNativeTarget;
			buildConfigurationList = 8B16ED421606A2530009E513 /* Build configuration list for PBXNativeTarget "SoundRec" */;
			buildPhases = (
				8B16ED081606A2530009E513 /* Sources */,
				8B16ED091606A2530009E513 /* Frameworks */,
				8B16ED0A1606A2530009E513 /* Resources */,
			);
			buildRules = (
			);
			dependencies = (
			);
			name = SoundRec;
			productName = SoundRec;
			productReference = 8B16ED0C1606A2530009E513 /* SoundRec.app */;
			productType = "com.apple.product-type.application";
		};
		8B16ED2F1606A2530009E513 /* SoundRecTests */ = {
			isa = PBXNativeTarget;
			buildConfigurationList = 8B16ED451606A2530009E513 /* Build configuration list for PBXNativeTarget "SoundRecTests" */;
			buildPhases = (
				8B16ED2B1606A2530009E513 /* Sources */,
				8B16ED2C1606A2530009E513 /* Frameworks */,
				8B16ED2D1606A2530009E513 /* Resources */,
				8B16ED2E1606A2530009E513 /* ShellScript */,
			);
			buildRules = (
			);
			dependencies = (
				8B16ED361606A2530009E513 /* PBXTargetDependency */,
			);
			name = SoundRecTests;
			productName = SoundRecTests;
			productReference = 8B16ED301606A2530009E513 /* SoundRecTests.octest */;
			productType = "com.apple.product-type.bundle";
		};
/* End PBXNativeTarget section */

/* Begin PBXProject section */
		8B16ED031606A2530009E513 /* Project object */ = {
			isa = PBXProject;
			attributes = {
				LastUpgradeCheck = 0440;
				ORGANIZATIONNAME = Developer;
			};
			buildConfigurationList = 8B16ED061606A2530009E513 /* Build configuration list for PBXProject "SoundRec" */;
			compatibilityVersion = "Xcode 3.2";
			developmentRegion = English;
			hasScannedForEncodings = 0;
			knownRegions = (
				en,
			);
			mainGroup = 8B16ED011606A2530009E513;
			productRefGroup = 8B16ED0D1606A2530009E513 /* Products */;
			projectDirPath = "";
			projectRoot = "";
			targets = (
				8B16ED0B1606A2530009E513 /* SoundRec */,
				8B16ED2F1606A2530009E513 /* SoundRecTests */,
			);
		};
/* End PBXProject section */

/* Begin PBXResourcesBuildPhase section */
		8B16ED0A1606A2530009E513 /* Resources */ = {
			isa = PBXResourcesBuildPhase;
			buildActionMask = 2147483647;
			files = (
				8B16ED1B1606A2530009E513 /* InfoPlist.strings in Resources */,
				8B16ED241606A2530009E513 /* MainStoryboard_iPhone.storyboard in Resources */,
				8B16ED271606A2530009E513 /* MainStoryboard_iPad.storyboard in Resources */,
			);
			runOnlyForDeploymentPostprocessing = 0;
		};
		8B16ED2D1606A2530009E513 /* Resources */ = {
			isa = PBXResourcesBuildPhase;
			buildActionMask = 2147483647;
			files = (
				8B16ED3C1606A2530009E513 /* InfoPlist.strings in Resources */,
			);
			runOnlyForDeploymentPostprocessing = 0;
		};
/* End PBXResourcesBuildPhase section */

/* Begin PBXShellScriptBuildPhase section */
		8B16ED2E1606A2530009E513 /* ShellScript */ = {
			isa = PBXShellScriptBuildPhase;
			buildActionMask = 2147483647;
			files = (
			);
			inputPaths = (
			);
			outputPaths = (
			);
			runOnlyForDeploymentPostprocessing = 0;
			shellPath = /bin/sh;
			shellScript = "# Run the unit tests in this test bundle.\n\"${SYSTEM_DEVELOPER_DIR}/Tools/RunUnitTests\"\n";
		};
/* End PBXShellScriptBuildPhase section */

/* Begin PBXSourcesBuildPhase section */
		8B16ED081606A2530009E513 /* Sources */ = {
			isa = PBXSourcesBuildPhase;
			buildActionMask = 2147483647;
			files = (
				8B16ED1D1606A2530009E513 /* main.m in Sources */,
				8B16ED211606A2530009E513 /* AppDelegate.m in Sources */,
				8B16ED2A1606A2530009E513 /* ViewController.m in Sources */,
			);
			runOnlyForDeploymentPostprocessing = 0;
		};
		8B16ED2B1606A2530009E513 /* Sources */ = {
			isa = PBXSourcesBuildPhase;
			buildActionMask = 2147483647;
			files = (
				8B16ED3F1606A2530009E513 /* SoundRecTests.m in Sources */,
			);
			runOnlyForDeploymentPostprocessing = 0;
		};
/* End PBXSourcesBuildPhase section */

/* Begin PBXTargetDependency section */
		8B16ED361606A2530009E513 /* PBXTargetDependency */ = {
			isa = PBXTargetDependency;
			target = 8B16ED0B1606A2530009E513 /* SoundRec */;
			targetProxy = 8B16ED351606A2530009E513 /* PBXContainerItemProxy */;
		};
/* End PBXTargetDependency section */

/* Begin PBXVariantGroup section */
		8B16ED191606A2530009E513 /* InfoPlist.strings */ = {
			isa = PBXVariantGroup;
			children = (
				8B16ED1A1606A2530009E513 /* en */,
			);
			name = InfoPlist.strings;
			sourceTree = "<group>";
		};
		8B16ED221606A2530009E513 /* MainStoryboard_iPhone.storyboard */ = {
			isa = PBXVariantGroup;
			children = (
				8B16ED231606A2530009E513 /* en */,
			);
			name = MainStoryboard_iPhone.storyboard;
			sourceTree = "<group>";
		};
		8B16ED251606A2530009E513 /* MainStoryboard_iPad.storyboard */ = {
			isa = PBXVariantGroup;
			children = (
				8B16ED261606A2530009E513 /* en */,
			);
			name = MainStoryboard_iPad.storyboard;
			sourceTree = "<group>";
		};
		8B16ED3A1606A2530009E513 /* InfoPlist.strings */ = {
			isa = PBXVariantGroup;
			children = (
				8B16ED3B1606A2530009E513 /* en */,
			);
			name = InfoPlist.strings;
			sourceTree = "<group>";
		};
/* End PBXVariantGroup section */

/* Begin XCBuildConfiguration section */
		8B16ED401606A2530009E513 /* Debug */ = {
			isa = XCBuildConfiguration;
			buildSettings = {
				ALWAYS_SEARCH_USER_PATHS = NO;
				ARCHS = "$(ARCHS_STANDARD_32_BIT)";
				CLANG_CXX_LANGUAGE_STANDARD = "gnu++0x";
				CLANG_ENABLE_OBJC_ARC = YES;
				CLANG_WARN__DUPLICATE_METHOD_MATCH = YES;
				"CODE_SIGN_IDENTITY[sdk=iphoneos*]" = "iPhone Developer";
				COPY_PHASE_STRIP = NO;
				GCC_C_LANGUAGE_STANDARD = gnu99;
				GCC_DYNAMIC_NO_PIC = NO;
				GCC_OPTIMIZATION_LEVEL = 0;
				GCC_PREPROCESSOR_DEFINITIONS = (
					"DEBUG=1",
					"$(inherited)",
				);
				GCC_SYMBOLS_PRIVATE_EXTERN = NO;
				GCC_VERSION = com.apple.compilers.llvm.clang.1_0;
				GCC_WARN_ABOUT_RETURN_TYPE = YES;
				GCC_WARN_UNINITIALIZED_AUTOS = YES;
				GCC_WARN_UNUSED_VARIABLE = YES;
				IPHONEOS_DEPLOYMENT_TARGET = 5.1;
				SDKROOT = iphoneos;
				TARGETED_DEVICE_FAMILY = "1,2";
			};
			name = Debug;
		};
		8B16ED411606A2530009E513 /* Release */ = {
			isa = XCBuildConfiguration;
			buildSettings = {
				ALWAYS_SEARCH_USER_PATHS = NO;
				ARCHS = "$(ARCHS_STANDARD_32_BIT)";
				CLANG_CXX_LANGUAGE_STANDARD = "gnu++0x";
				CLANG_ENABLE_OBJC_ARC = YES;
				CLANG_WARN__DUPLICATE_METHOD_MATCH = YES;
				"CODE_SIGN_IDENTITY[sdk=iphoneos*]" = "iPhone Developer";
				COPY_PHASE_STRIP = YES;
				GCC_C_LANGUAGE_STANDARD = gnu99;
				GCC_VERSION = com.apple.compilers.llvm.clang.1_0;
				GCC_WARN_ABOUT_RETURN_TYPE = YES;
				GCC_WARN_UNINITIALIZED_AUTOS = YES;
				GCC_WARN_UNUSED_VARIABLE = YES;
				IPHONEOS_DEPLOYMENT_TARGET = 5.1;
				OTHER_CFLAGS = "-DNS_BLOCK_ASSERTIONS=1";
				SDKROOT = iphoneos;
				TARGETED_DEVICE_FAMILY = "1,2";
				VALIDATE_PRODUCT = YES;
			};
			name = Release;
		};
		8B16ED431606A2530009E513 /* Debug */ = {
			isa = XCBuildConfiguration;
			buildSettings = {
				GCC_PRECOMPILE_PREFIX_HEADER = YES;
				GCC_PREFIX_HEADER = "SoundRec/SoundRec-Prefix.pch";
				INFOPLIST_FILE = "SoundRec/SoundRec-Info.plist";
				PRODUCT_NAME = "$(TARGET_NAME)";
				WRAPPER_EXTENSION = app;
			};
			name = Debug;
		};
		8B16ED441606A2530009E513 /* Release */ = {
			isa = XCBuildConfiguration;
			buildSettings = {
				GCC_PRECOMPILE_PREFIX_HEADER = YES;
				GCC_PREFIX_HEADER = "SoundRec/SoundRec-Prefix.pch";
				INFOPLIST_FILE = "SoundRec/SoundRec-Info.plist";
				PRODUCT_NAME = "$(TARGET_NAME)";
				WRAPPER_EXTENSION = app;
			};
			name = Release;
		};
		8B16ED461606A2530009E513 /* Debug */ = {
			isa = XCBuildConfiguration;
			buildSettings = {
				BUNDLE_LOADER = "$(BUILT_PRODUCTS_DIR)/SoundRec.app/SoundRec";
				FRAMEWORK_SEARCH_PATHS = (
					"\"$(SDKROOT)/Developer/Library/Frameworks\"",
					"\"$(DEVELOPER_LIBRARY_DIR)/Frameworks\"",
				);
				GCC_PRECOMPILE_PREFIX_HEADER = YES;
				GCC_PREFIX_HEADER = "SoundRec/SoundRec-Prefix.pch";
				INFOPLIST_FILE = "SoundRecTests/SoundRecTests-Info.plist";
				PRODUCT_NAME = "$(TARGET_NAME)";
				TEST_HOST = "$(BUNDLE_LOADER)";
				WRAPPER_EXTENSION = octest;
			};
			name = Debug;
		};
		8B16ED471606A2530009E513 /* Release */ = {
			isa = XCBuildConfiguration;
			buildSettings = {
				BUNDLE_LOADER = "$(BUILT_PRODUCTS_DIR)/SoundRec.app/SoundRec";
				FRAMEWORK_SEARCH_PATHS = (
					"\"$(SDKROOT)/Developer/Library/Frameworks\"",
					"\"$(DEVELOPER_LIBRARY_DIR)/Frameworks\"",
				);
				GCC_PRECOMPILE_PREFIX_HEADER = YES;
				GCC_PREFIX_HEADER = "SoundRec/SoundRec-Prefix.pch";
				INFOPLIST_FILE = "SoundRecTests/SoundRecTests-Info.plist";
				PRODUCT_NAME = "$(TARGET_NAME)";
				TEST_HOST = "$(BUNDLE_LOADER)";
				WRAPPER_EXTENSION = octest;
			};
			name = Release;
		};
/* End XCBuildConfiguration section */

/* Begin XCConfigurationList section */
		8B16ED061606A2530009E513 /* Build configuration list for PBXProject "SoundRec" */ = {
			isa = XCConfigurationList;
			buildConfigurations = (
				8B16ED401606A2530009E513 /* Debug */,
				8B16ED411606A2530009E513 /* Release */,
			);
			defaultConfigurationIsVisible = 0;
			defaultConfigurationName = Release;
		};
		8B16ED421606A2530009E513 /* Build configuration list for PBXNativeTarget "SoundRec" */ = {
			isa = XCConfigurationList;
			buildConfigurations = (
				8B16ED431606A2530009E513 /* Debug */,
				8B16ED441606A2530009E513 /* Release */,
			);
			defaultConfigurationIsVisible = 0;
		};
		8B16ED451606A2530009E513 /* Build configuration list for PBXNativeTarget "SoundRecTests" */ = {
			isa = XCConfigurationList;
			buildConfigurations = (
				8B16ED461606A2530009E513 /* Debug */,
				8B16ED471606A2530009E513 /* Release */,
			);
			defaultConfigurationIsVisible = 0;
		};
/* End XCConfigurationList section */
	};
	rootObject = 8B16ED031606A2530009E513 /* Project object */;
}
